
Microsoft Visual Studio Solution File, Format Version 12.00
# Visual Studio Version 17
VisualStudioVersion = 17.4.33110.190
MinimumVisualStudioVersion = 10.0.40219.1
Project("{FAE04EC0-301F-11D3-BF4B-00C04F79EFBC}") = "NGen.Website", "NGen.Website\NGen.Website.csproj", "{700A4EFB-9866-4B98-9D62-773941DD362C}"
EndProject
Global
	GlobalSection(SolutionConfigurationPlatforms) = preSolution
		Debug|Any CPU = Debug|Any CPU
		Release|Any CPU = Release|Any CPU
	EndGlobalSection
	GlobalSection(ProjectConfigurationPlatforms) = postSolution
		{700A4EFB-9866-4B98-9D62-773941DD362C}.Debug|Any CPU.ActiveCfg = Debug|Any CPU
		{700A4EFB-9866-4B98-9D62-773941DD362C}.Debug|Any CPU.Build.0 = Debug|Any CPU
		{700A4EFB-9866-4B98-9D62-773941DD362C}.Release|Any CPU.ActiveCfg = Release|Any CPU
		{700A4EFB-9866-4B98-9D62-773941DD362C}.Release|Any CPU.Build.0 = Release|Any CPU
	EndGlobalSection
	GlobalSection(SolutionProperties) = preSolution
		HideSolutionNode = FALSE
	EndGlobalSection
	GlobalSection(ExtensibilityGlobals) = postSolution
		SolutionGuid = {1B7F5D8A-EAB4-4B6F-9569-A65118BFFDC7}
	EndGlobalSection
EndGlobal
